
Microsoft Visual Studio Solution File, Format Version 12.00
# Visual Studio Version 16
VisualStudioVersion = 16.0.30717.126
MinimumVisualStudioVersion = 10.0.40219.1
Project("{FAE04EC0-301F-11D3-BF4B-00C04F79EFBC}") = "[2022][ExMAP]TripDaria[2]", "[2022][ExMAP]TripDaria[2]\[2022][ExMAP]TripDaria[2].csproj", "{5FB4776F-250D-4B85-BA80-4FF19EDF0D6C}"
EndProject
Global
	GlobalSection(SolutionConfigurationPlatforms) = preSolution
		Debug|Any CPU = Debug|Any CPU
		Release|Any CPU = Release|Any CPU
	EndGlobalSection
	GlobalSection(ProjectConfigurationPlatforms) = postSolution
		{5FB4776F-250D-4B85-BA80-4FF19EDF0D6C}.Debug|Any CPU.ActiveCfg = Debug|Any CPU
		{5FB4776F-250D-4B85-BA80-4FF19EDF0D6C}.Debug|Any CPU.Build.0 = Debug|Any CPU
		{5FB4776F-250D-4B85-BA80-4FF19EDF0D6C}.Release|Any CPU.ActiveCfg = Release|Any CPU
		{5FB4776F-250D-4B85-BA80-4FF19EDF0D6C}.Release|Any CPU.Build.0 = Release|Any CPU
	EndGlobalSection
	GlobalSection(SolutionProperties) = preSolution
		HideSolutionNode = FALSE
	EndGlobalSection
	GlobalSection(ExtensibilityGlobals) = postSolution
		SolutionGuid = {7D3D795F-2313-4764-8964-A735510122E2}
	EndGlobalSection
EndGlobal
